{
  "name": "homr-sheet-music-viewer",
  "version": "0.1.0",
  "lockfileVersion": 3,
  "requires": true,
  "packages": {
    "": {
      "name": "homr-sheet-music-viewer",
      "version": "0.1.0",
      "dependencies": {
        "@audio-samples/piano-velocity8": "^1.0.5"
      }
    },
    "node_modules/@audio-samples/piano-velocity8": {
      "version": "1.0.5",
      "resolved": "https://registry.npmjs.org/@audio-samples/piano-velocity8/-/piano-velocity8-1.0.5.tgz",
      "integrity": "sha512-/FNxSkeYe7TqzAb3/RynUvMoKqIA8/AQ8Riiy+v7h2PZufOZ7JU/e0SLGmjoYIIc/9Uy68Fi8jStf9V6s17YrA==",
      "license": "MIT"
    }
  }
}
